// !$*UTF8*$!
{
	archiveVersion = 1;
	classes = {
	};
	objectVersion = 50;
	objects = {

/* Begin PBXBuildFile section */
		BB81E5FB268BD272005A5435 /* ThemeModel.swift in Sources */ = {isa = PBXBuildFile; fileRef = BB81E5FA268BD272005A5435 /* ThemeModel.swift */; };
		BB81E5FD268BD2CB005A5435 /* ThemeData.swift in Sources */ = {isa = PBXBuildFile; fileRef = BB81E5FC268BD2CB005A5435 /* ThemeData.swift */; };
		BB81E5FF268BD38B005A5435 /* ThemeSettings.swift in Sources */ = {isa = PBXBuildFile; fileRef = BB81E5FE268BD38B005A5435 /* ThemeSettings.swift */; };
		BBBA58B7268A37DF00B047ED /* EmptyListView.swift in Sources */ = {isa = PBXBuildFile; fileRef = BBBA58B6268A37DF00B047ED /* EmptyListView.swift */; };
		BBBA58B9268AA26000B047ED /* SettingsView.swift in Sources */ = {isa = PBXBuildFile; fileRef = BBBA58B8268AA26000B047ED /* SettingsView.swift */; };
		BBBA58BB268AA5A800B047ED /* FormRowStaticView.swift in Sources */ = {isa = PBXBuildFile; fileRef = BBBA58BA268AA5A800B047ED /* FormRowStaticView.swift */; };
		BBBA58BD268AA8B800B047ED /* FormRowLinkView.swift in Sources */ = {isa = PBXBuildFile; fileRef = BBBA58BC268AA8B800B047ED /* FormRowLinkView.swift */; };
		BBBA58C8268AAF4C00B047ED /* Blue Light.png in Resources */ = {isa = PBXBuildFile; fileRef = BBBA58BF268AAF4C00B047ED /* Blue Light.png */; };
		BBBA58C9268AAF4C00B047ED /* Green Light.png in Resources */ = {isa = PBXBuildFile; fileRef = BBBA58C0268AAF4C00B047ED /* Green Light.png */; };
		BBBA58CA268AAF4C00B047ED /* Green Dark.png in Resources */ = {isa = PBXBuildFile; fileRef = BBBA58C1268AAF4C00B047ED /* Green Dark.png */; };
		BBBA58CB268AAF4C00B047ED /* Blue Dark.png in Resources */ = {isa = PBXBuildFile; fileRef = BBBA58C2268AAF4C00B047ED /* Blue Dark.png */; };
		BBBA58CC268AAF4C00B047ED /* Pink Dark.png in Resources */ = {isa = PBXBuildFile; fileRef = BBBA58C3268AAF4C00B047ED /* Pink Dark.png */; };
		BBBA58CD268AAF4C00B047ED /* Blue.png in Resources */ = {isa = PBXBuildFile; fileRef = BBBA58C4268AAF4C00B047ED /* Blue.png */; };
		BBBA58CE268AAF4C00B047ED /* Pink.png in Resources */ = {isa = PBXBuildFile; fileRef = BBBA58C5268AAF4C00B047ED /* Pink.png */; };
		BBBA58CF268AAF4C00B047ED /* Green.png in Resources */ = {isa = PBXBuildFile; fileRef = BBBA58C6268AAF4C00B047ED /* Green.png */; };
		BBBA58D0268AAF4C00B047ED /* Pink Light.png in Resources */ = {isa = PBXBuildFile; fileRef = BBBA58C7268AAF4C00B047ED /* Pink Light.png */; };
		BBEFAB9E2687CC9600E80AFC /* AppDelegate.swift in Sources */ = {isa = PBXBuildFile; fileRef = BBEFAB9D2687CC9600E80AFC /* AppDelegate.swift */; };
		BBEFABA02687CC9600E80AFC /* SceneDelegate.swift in Sources */ = {isa = PBXBuildFile; fileRef = BBEFAB9F2687CC9600E80AFC /* SceneDelegate.swift */; };
		BBEFABA22687CC9600E80AFC /* ContentView.swift in Sources */ = {isa = PBXBuildFile; fileRef = BBEFABA12687CC9600E80AFC /* ContentView.swift */; };
		BBEFABA52687CC9600E80AFC /* TodoApp.xcdatamodeld in Sources */ = {isa = PBXBuildFile; fileRef = BBEFABA32687CC9600E80AFC /* TodoApp.xcdatamodeld */; };
		BBEFABA72687CC9700E80AFC /* Assets.xcassets in Resources */ = {isa = PBXBuildFile; fileRef = BBEFABA62687CC9700E80AFC /* Assets.xcassets */; };
		BBEFABAA2687CC9700E80AFC /* Preview Assets.xcassets in Resources */ = {isa = PBXBuildFile; fileRef = BBEFABA92687CC9700E80AFC /* Preview Assets.xcassets */; };
		BBEFABAD2687CC9700E80AFC /* LaunchScreen.storyboard in Resources */ = {isa = PBXBuildFile; fileRef = BBEFABAB2687CC9700E80AFC /* LaunchScreen.storyboard */; };
		BBEFABB62687CCD300E80AFC /* AddTodoView.swift in Sources */ = {isa = PBXBuildFile; fileRef = BBEFABB52687CCD300E80AFC /* AddTodoView.swift */; };
/* End PBXBuildFile section */

/* Begin PBXFileReference section */
		BB81E5FA268BD272005A5435 /* ThemeModel.swift */ = {isa = PBXFileReference; lastKnownFileType = sourcecode.swift; path = ThemeModel.swift; sourceTree = "<group>"; };
		BB81E5FC268BD2CB005A5435 /* ThemeData.swift */ = {isa = PBXFileReference; lastKnownFileType = sourcecode.swift; path = ThemeData.swift; sourceTree = "<group>"; };
		BB81E5FE268BD38B005A5435 /* ThemeSettings.swift */ = {isa = PBXFileReference; lastKnownFileType = sourcecode.swift; path = ThemeSettings.swift; sourceTree = "<group>"; };
		BB81E600268BE370005A5435 /* TodoApp.entitlements */ = {isa = PBXFileReference; lastKnownFileType = text.plist.entitlements; path = TodoApp.entitlements; sourceTree = "<group>"; };
		BBBA58B6268A37DF00B047ED /* EmptyListView.swift */ = {isa = PBXFileReference; lastKnownFileType = sourcecode.swift; path = EmptyListView.swift; sourceTree = "<group>"; };
		BBBA58B8268AA26000B047ED /* SettingsView.swift */ = {isa = PBXFileReference; lastKnownFileType = sourcecode.swift; path = SettingsView.swift; sourceTree = "<group>"; };
		BBBA58BA268AA5A800B047ED /* FormRowStaticView.swift */ = {isa = PBXFileReference; lastKnownFileType = sourcecode.swift; path = FormRowStaticView.swift; sourceTree = "<group>"; };
		BBBA58BC268AA8B800B047ED /* FormRowLinkView.swift */ = {isa = PBXFileReference; lastKnownFileType = sourcecode.swift; path = FormRowLinkView.swift; sourceTree = "<group>"; };
		BBBA58BF268AAF4C00B047ED /* Blue Light.png */ = {isa = PBXFileReference; lastKnownFileType = image.png; path = "Blue Light.png"; sourceTree = "<group>"; };
		BBBA58C0268AAF4C00B047ED /* Green Light.png */ = {isa = PBXFileReference; lastKnownFileType = image.png; path = "Green Light.png"; sourceTree = "<group>"; };
		BBBA58C1268AAF4C00B047ED /* Green Dark.png */ = {isa = PBXFileReference; lastKnownFileType = image.png; path = "Green Dark.png"; sourceTree = "<group>"; };
		BBBA58C2268AAF4C00B047ED /* Blue Dark.png */ = {isa = PBXFileReference; lastKnownFileType = image.png; path = "Blue Dark.png"; sourceTree = "<group>"; };
		BBBA58C3268AAF4C00B047ED /* Pink Dark.png */ = {isa = PBXFileReference; lastKnownFileType = image.png; path = "Pink Dark.png"; sourceTree = "<group>"; };
		BBBA58C4268AAF4C00B047ED /* Blue.png */ = {isa = PBXFileReference; lastKnownFileType = image.png; path = Blue.png; sourceTree = "<group>"; };
		BBBA58C5268AAF4C00B047ED /* Pink.png */ = {isa = PBXFileReference; lastKnownFileType = image.png; path = Pink.png; sourceTree = "<group>"; };
		BBBA58C6268AAF4C00B047ED /* Green.png */ = {isa = PBXFileReference; lastKnownFileType = image.png; path = Green.png; sourceTree = "<group>"; };
		BBBA58C7268AAF4C00B047ED /* Pink Light.png */ = {isa = PBXFileReference; lastKnownFileType = image.png; path = "Pink Light.png"; sourceTree = "<group>"; };
		BBEFAB9A2687CC9600E80AFC /* TodoApp.app */ = {isa = PBXFileReference; explicitFileType = wrapper.application; includeInIndex = 0; path = TodoApp.app; sourceTree = BUILT_PRODUCTS_DIR; };
		BBEFAB9D2687CC9600E80AFC /* AppDelegate.swift */ = {isa = PBXFileReference; lastKnownFileType = sourcecode.swift; path = AppDelegate.swift; sourceTree = "<group>"; };
		BBEFAB9F2687CC9600E80AFC /* SceneDelegate.swift */ = {isa = PBXFileReference; lastKnownFileType = sourcecode.swift; path = SceneDelegate.swift; sourceTree = "<group>"; };
		BBEFABA12687CC9600E80AFC /* ContentView.swift */ = {isa = PBXFileReference; lastKnownFileType = sourcecode.swift; path = ContentView.swift; sourceTree = "<group>"; };
		BBEFABA42687CC9600E80AFC /* TodoApp.xcdatamodel */ = {isa = PBXFileReference; lastKnownFileType = wrapper.xcdatamodel; path = TodoApp.xcdatamodel; sourceTree = "<group>"; };
		BBEFABA62687CC9700E80AFC /* Assets.xcassets */ = {isa = PBXFileReference; lastKnownFileType = folder.assetcatalog; path = Assets.xcassets; sourceTree = "<group>"; };
		BBEFABA92687CC9700E80AFC /* Preview Assets.xcassets */ = {isa = PBXFileReference; lastKnownFileType = folder.assetcatalog; path = "Preview Assets.xcassets"; sourceTree = "<group>"; };
		BBEFABAC2687CC9700E80AFC /* Base */ = {isa = PBXFileReference; lastKnownFileType = file.storyboard; name = Base; path = Base.lproj/LaunchScreen.storyboard; sourceTree = "<group>"; };
		BBEFABAE2687CC9700E80AFC /* Info.plist */ = {isa = PBXFileReference; lastKnownFileType = text.plist.xml; path = Info.plist; sourceTree = "<group>"; };
		BBEFABB52687CCD300E80AFC /* AddTodoView.swift */ = {isa = PBXFileReference; lastKnownFileType = sourcecode.swift; path = AddTodoView.swift; sourceTree = "<group>"; };
/* End PBXFileReference section */

/* Begin PBXFrameworksBuildPhase section */
		BBEFAB972687CC9600E80AFC /* Frameworks */ = {
			isa = PBXFrameworksBuildPhase;
			buildActionMask = 2147483647;
			files = (
			);
			runOnlyForDeploymentPostprocessing = 0;
		};
/* End PBXFrameworksBuildPhase section */

/* Begin PBXGroup section */
		BB81E5F9268BD171005A5435 /* Theme */ = {
			isa = PBXGroup;
			children = (
				BB81E5FA268BD272005A5435 /* ThemeModel.swift */,
				BB81E5FC268BD2CB005A5435 /* ThemeData.swift */,
				BB81E5FE268BD38B005A5435 /* ThemeSettings.swift */,
			);
			path = Theme;
			sourceTree = "<group>";
		};
		BBBA58BE268AAEFA00B047ED /* Icons */ = {
			isa = PBXGroup;
			children = (
				BBBA58C2268AAF4C00B047ED /* Blue Dark.png */,
				BBBA58BF268AAF4C00B047ED /* Blue Light.png */,
				BBBA58C4268AAF4C00B047ED /* Blue.png */,
				BBBA58C1268AAF4C00B047ED /* Green Dark.png */,
				BBBA58C0268AAF4C00B047ED /* Green Light.png */,
				BBBA58C6268AAF4C00B047ED /* Green.png */,
				BBBA58C3268AAF4C00B047ED /* Pink Dark.png */,
				BBBA58C7268AAF4C00B047ED /* Pink Light.png */,
				BBBA58C5268AAF4C00B047ED /* Pink.png */,
			);
			path = Icons;
			sourceTree = "<group>";
		};
		BBEFAB912687CC9600E80AFC = {
			isa = PBXGroup;
			children = (
				BBEFAB9C2687CC9600E80AFC /* TodoApp */,
				BBEFAB9B2687CC9600E80AFC /* Products */,
			);
			sourceTree = "<group>";
		};
		BBEFAB9B2687CC9600E80AFC /* Products */ = {
			isa = PBXGroup;
			children = (
				BBEFAB9A2687CC9600E80AFC /* TodoApp.app */,
			);
			name = Products;
			sourceTree = "<group>";
		};
		BBEFAB9C2687CC9600E80AFC /* TodoApp */ = {
			isa = PBXGroup;
			children = (
				BB81E600268BE370005A5435 /* TodoApp.entitlements */,
				BBBA58BE268AAEFA00B047ED /* Icons */,
				BBEFABB42687CCB200E80AFC /* Views */,
				BB81E5F9268BD171005A5435 /* Theme */,
				BBEFAB9D2687CC9600E80AFC /* AppDelegate.swift */,
				BBEFAB9F2687CC9600E80AFC /* SceneDelegate.swift */,
				BBEFABA62687CC9700E80AFC /* Assets.xcassets */,
				BBEFABAB2687CC9700E80AFC /* LaunchScreen.storyboard */,
				BBEFABAE2687CC9700E80AFC /* Info.plist */,
				BBEFABA32687CC9600E80AFC /* TodoApp.xcdatamodeld */,
				BBEFABA82687CC9700E80AFC /* Preview Content */,
			);
			path = TodoApp;
			sourceTree = "<group>";
		};
		BBEFABA82687CC9700E80AFC /* Preview Content */ = {
			isa = PBXGroup;
			children = (
				BBEFABA92687CC9700E80AFC /* Preview Assets.xcassets */,
			);
			path = "Preview Content";
			sourceTree = "<group>";
		};
		BBEFABB42687CCB200E80AFC /* Views */ = {
			isa = PBXGroup;
			children = (
				BBEFABA12687CC9600E80AFC /* ContentView.swift */,
				BBBA58B8268AA26000B047ED /* SettingsView.swift */,
				BBBA58BA268AA5A800B047ED /* FormRowStaticView.swift */,
				BBBA58BC268AA8B800B047ED /* FormRowLinkView.swift */,
				BBBA58B6268A37DF00B047ED /* EmptyListView.swift */,
				BBEFABB52687CCD300E80AFC /* AddTodoView.swift */,
			);
			path = Views;
			sourceTree = "<group>";
		};
/* End PBXGroup section */

/* Begin PBXNativeTarget section */
		BBEFAB992687CC9600E80AFC /* TodoApp */ = {
			isa = PBXNativeTarget;
			buildConfigurationList = BBEFABB12687CC9700E80AFC /* Build configuration list for PBXNativeTarget "TodoApp" */;
			buildPhases = (
				BBEFAB962687CC9600E80AFC /* Sources */,
				BBEFAB972687CC9600E80AFC /* Frameworks */,
				BBEFAB982687CC9600E80AFC /* Resources */,
			);
			buildRules = (
			);
			dependencies = (
			);
			name = TodoApp;
			productName = TodoApp;
			productReference = BBEFAB9A2687CC9600E80AFC /* TodoApp.app */;
			productType = "com.apple.product-type.application";
		};
/* End PBXNativeTarget section */

/* Begin PBXProject section */
		BBEFAB922687CC9600E80AFC /* Project object */ = {
			isa = PBXProject;
			attributes = {
				LastSwiftUpdateCheck = 1250;
				LastUpgradeCheck = 1250;
				TargetAttributes = {
					BBEFAB992687CC9600E80AFC = {
						CreatedOnToolsVersion = 12.5.1;
					};
				};
			};
			buildConfigurationList = BBEFAB952687CC9600E80AFC /* Build configuration list for PBXProject "TodoApp" */;
			compatibilityVersion = "Xcode 9.3";
			developmentRegion = en;
			hasScannedForEncodings = 0;
			knownRegions = (
				en,
				Base,
			);
			mainGroup = BBEFAB912687CC9600E80AFC;
			productRefGroup = BBEFAB9B2687CC9600E80AFC /* Products */;
			projectDirPath = "";
			projectRoot = "";
			targets = (
				BBEFAB992687CC9600E80AFC /* TodoApp */,
			);
		};
/* End PBXProject section */

/* Begin PBXResourcesBuildPhase section */
		BBEFAB982687CC9600E80AFC /* Resources */ = {
			isa = PBXResourcesBuildPhase;
			buildActionMask = 2147483647;
			files = (
				BBBA58CD268AAF4C00B047ED /* Blue.png in Resources */,
				BBBA58CA268AAF4C00B047ED /* Green Dark.png in Resources */,
				BBEFABAD2687CC9700E80AFC /* LaunchScreen.storyboard in Resources */,
				BBBA58CF268AAF4C00B047ED /* Green.png in Resources */,
				BBBA58C8268AAF4C00B047ED /* Blue Light.png in Resources */,
				BBEFABAA2687CC9700E80AFC /* Preview Assets.xcassets in Resources */,
				BBBA58CC268AAF4C00B047ED /* Pink Dark.png in Resources */,
				BBEFABA72687CC9700E80AFC /* Assets.xcassets in Resources */,
				BBBA58CE268AAF4C00B047ED /* Pink.png in Resources */,
				BBBA58CB268AAF4C00B047ED /* Blue Dark.png in Resources */,
				BBBA58C9268AAF4C00B047ED /* Green Light.png in Resources */,
				BBBA58D0268AAF4C00B047ED /* Pink Light.png in Resources */,
			);
			runOnlyForDeploymentPostprocessing = 0;
		};
/* End PBXResourcesBuildPhase section */

/* Begin PBXSourcesBuildPhase section */
		BBEFAB962687CC9600E80AFC /* Sources */ = {
			isa = PBXSourcesBuildPhase;
			buildActionMask = 2147483647;
			files = (
				BBBA58B9268AA26000B047ED /* SettingsView.swift in Sources */,
				BBBA58BB268AA5A800B047ED /* FormRowStaticView.swift in Sources */,
				BBBA58BD268AA8B800B047ED /* FormRowLinkView.swift in Sources */,
				BB81E5FD268BD2CB005A5435 /* ThemeData.swift in Sources */,
				BBEFAB9E2687CC9600E80AFC /* AppDelegate.swift in Sources */,
				BBEFABA02687CC9600E80AFC /* SceneDelegate.swift in Sources */,
				BB81E5FF268BD38B005A5435 /* ThemeSettings.swift in Sources */,
				BBBA58B7268A37DF00B047ED /* EmptyListView.swift in Sources */,
				BBEFABA22687CC9600E80AFC /* ContentView.swift in Sources */,
				BB81E5FB268BD272005A5435 /* ThemeModel.swift in Sources */,
				BBEFABA52687CC9600E80AFC /* TodoApp.xcdatamodeld in Sources */,
				BBEFABB62687CCD300E80AFC /* AddTodoView.swift in Sources */,
			);
			runOnlyForDeploymentPostprocessing = 0;
		};
/* End PBXSourcesBuildPhase section */

/* Begin PBXVariantGroup section */
		BBEFABAB2687CC9700E80AFC /* LaunchScreen.storyboard */ = {
			isa = PBXVariantGroup;
			children = (
				BBEFABAC2687CC9700E80AFC /* Base */,
			);
			name = LaunchScreen.storyboard;
			sourceTree = "<group>";
		};
/* End PBXVariantGroup section */

/* Begin XCBuildConfiguration section */
		BBEFABAF2687CC9700E80AFC /* Debug */ = {
			isa = XCBuildConfiguration;
			buildSettings = {
				ALWAYS_SEARCH_USER_PATHS = NO;
				CLANG_ANALYZER_NONNULL = YES;
				CLANG_ANALYZER_NUMBER_OBJECT_CONVERSION = YES_AGGRESSIVE;
				CLANG_CXX_LANGUAGE_STANDARD = "gnu++14";
				CLANG_CXX_LIBRARY = "libc++";
				CLANG_ENABLE_MODULES = YES;
				CLANG_ENABLE_OBJC_ARC = YES;
				CLANG_ENABLE_OBJC_WEAK = YES;
				CLANG_WARN_BLOCK_CAPTURE_AUTORELEASING = YES;
				CLANG_WARN_BOOL_CONVERSION = YES;
				CLANG_WARN_COMMA = YES;
				CLANG_WARN_CONSTANT_CONVERSION = YES;
				CLANG_WARN_DEPRECATED_OBJC_IMPLEMENTATIONS = YES;
				CLANG_WARN_DIRECT_OBJC_ISA_USAGE = YES_ERROR;
				CLANG_WARN_DOCUMENTATION_COMMENTS = YES;
				CLANG_WARN_EMPTY_BODY = YES;
				CLANG_WARN_ENUM_CONVERSION = YES;
				CLANG_WARN_INFINITE_RECURSION = YES;
				CLANG_WARN_INT_CONVERSION = YES;
				CLANG_WARN_NON_LITERAL_NULL_CONVERSION = YES;
				CLANG_WARN_OBJC_IMPLICIT_RETAIN_SELF = YES;
				CLANG_WARN_OBJC_LITERAL_CONVERSION = YES;
				CLANG_WARN_OBJC_ROOT_CLASS = YES_ERROR;
				CLANG_WARN_QUOTED_INCLUDE_IN_FRAMEWORK_HEADER = YES;
				CLANG_WARN_RANGE_LOOP_ANALYSIS = YES;
				CLANG_WARN_STRICT_PROTOTYPES = YES;
				CLANG_WARN_SUSPICIOUS_MOVE = YES;
				CLANG_WARN_UNGUARDED_AVAILABILITY = YES_AGGRESSIVE;
				CLANG_WARN_UNREACHABLE_CODE = YES;
				CLANG_WARN__DUPLICATE_METHOD_MATCH = YES;
				COPY_PHASE_STRIP = NO;
				DEBUG_INFORMATION_FORMAT = dwarf;
				ENABLE_STRICT_OBJC_MSGSEND = YES;
				ENABLE_TESTABILITY = YES;
				GCC_C_LANGUAGE_STANDARD = gnu11;
				GCC_DYNAMIC_NO_PIC = NO;
				GCC_NO_COMMON_BLOCKS = YES;
				GCC_OPTIMIZATION_LEVEL = 0;
				GCC_PREPROCESSOR_DEFINITIONS = (
					"DEBUG=1",
					"$(inherited)",
				);
				GCC_WARN_64_TO_32_BIT_CONVERSION = YES;
				GCC_WARN_ABOUT_RETURN_TYPE = YES_ERROR;
				GCC_WARN_UNDECLARED_SELECTOR = YES;
				GCC_WARN_UNINITIALIZED_AUTOS = YES_AGGRESSIVE;
				GCC_WARN_UNUSED_FUNCTION = YES;
				GCC_WARN_UNUSED_VARIABLE = YES;
				IPHONEOS_DEPLOYMENT_TARGET = 14.3;
				MTL_ENABLE_DEBUG_INFO = INCLUDE_SOURCE;
				MTL_FAST_MATH = YES;
				ONLY_ACTIVE_ARCH = YES;
				SDKROOT = iphoneos;
				SWIFT_ACTIVE_COMPILATION_CONDITIONS = DEBUG;
				SWIFT_OPTIMIZATION_LEVEL = "-Onone";
			};
			name = Debug;
		};
		BBEFABB02687CC9700E80AFC /* Release */ = {
			isa = XCBuildConfiguration;
			buildSettings = {
				ALWAYS_SEARCH_USER_PATHS = NO;
				CLANG_ANALYZER_NONNULL = YES;
				CLANG_ANALYZER_NUMBER_OBJECT_CONVERSION = YES_AGGRESSIVE;
				CLANG_CXX_LANGUAGE_STANDARD = "gnu++14";
				CLANG_CXX_LIBRARY = "libc++";
				CLANG_ENABLE_MODULES = YES;
				CLANG_ENABLE_OBJC_ARC = YES;
				CLANG_ENABLE_OBJC_WEAK = YES;
				CLANG_WARN_BLOCK_CAPTURE_AUTORELEASING = YES;
				CLANG_WARN_BOOL_CONVERSION = YES;
				CLANG_WARN_COMMA = YES;
				CLANG_WARN_CONSTANT_CONVERSION = YES;
				CLANG_WARN_DEPRECATED_OBJC_IMPLEMENTATIONS = YES;
				CLANG_WARN_DIRECT_OBJC_ISA_USAGE = YES_ERROR;
				CLANG_WARN_DOCUMENTATION_COMMENTS = YES;
				CLANG_WARN_EMPTY_BODY = YES;
				CLANG_WARN_ENUM_CONVERSION = YES;
				CLANG_WARN_INFINITE_RECURSION = YES;
				CLANG_WARN_INT_CONVERSION = YES;
				CLANG_WARN_NON_LITERAL_NULL_CONVERSION = YES;
				CLANG_WARN_OBJC_IMPLICIT_RETAIN_SELF = YES;
				CLANG_WARN_OBJC_LITERAL_CONVERSION = YES;
				CLANG_WARN_OBJC_ROOT_CLASS = YES_ERROR;
				CLANG_WARN_QUOTED_INCLUDE_IN_FRAMEWORK_HEADER = YES;
				CLANG_WARN_RANGE_LOOP_ANALYSIS = YES;
				CLANG_WARN_STRICT_PROTOTYPES = YES;
				CLANG_WARN_SUSPICIOUS_MOVE = YES;
				CLANG_WARN_UNGUARDED_AVAILABILITY = YES_AGGRESSIVE;
				CLANG_WARN_UNREACHABLE_CODE = YES;
				CLANG_WARN__DUPLICATE_METHOD_MATCH = YES;
				COPY_PHASE_STRIP = NO;
				DEBUG_INFORMATION_FORMAT = "dwarf-with-dsym";
				ENABLE_NS_ASSERTIONS = NO;
				ENABLE_STRICT_OBJC_MSGSEND = YES;
				GCC_C_LANGUAGE_STANDARD = gnu11;
				GCC_NO_COMMON_BLOCKS = YES;
				GCC_WARN_64_TO_32_BIT_CONVERSION = YES;
				GCC_WARN_ABOUT_RETURN_TYPE = YES_ERROR;
				GCC_WARN_UNDECLARED_SELECTOR = YES;
				GCC_WARN_UNINITIALIZED_AUTOS = YES_AGGRESSIVE;
				GCC_WARN_UNUSED_FUNCTION = YES;
				GCC_WARN_UNUSED_VARIABLE = YES;
				IPHONEOS_DEPLOYMENT_TARGET = 14.3;
				MTL_ENABLE_DEBUG_INFO = NO;
				MTL_FAST_MATH = YES;
				SDKROOT = iphoneos;
				SWIFT_COMPILATION_MODE = wholemodule;
				SWIFT_OPTIMIZATION_LEVEL = "-O";
				VALIDATE_PRODUCT = YES;
			};
			name = Release;
		};
		BBEFABB22687CC9700E80AFC /* Debug */ = {
			isa = XCBuildConfiguration;
			buildSettings = {
				ASSETCATALOG_COMPILER_APPICON_NAME = AppIcon;
				ASSETCATALOG_COMPILER_GLOBAL_ACCENT_COLOR_NAME = AccentColor;
				CODE_SIGN_ENTITLEMENTS = TodoApp/TodoApp.entitlements;
				CODE_SIGN_STYLE = Automatic;
				DEVELOPMENT_ASSET_PATHS = "\"TodoApp/Preview Content\"";
				DEVELOPMENT_TEAM = 56EQ48SVZJ;
				ENABLE_PREVIEWS = YES;
				INFOPLIST_FILE = TodoApp/Info.plist;
				LD_RUNPATH_SEARCH_PATHS = (
					"$(inherited)",
					"@executable_path/Frameworks",
				);
				PRODUCT_BUNDLE_IDENTIFIER = br.eti.manoelfilho.todoapp.TodoApp;
				PRODUCT_NAME = "$(TARGET_NAME)";
				SUPPORTS_MACCATALYST = YES;
				SWIFT_VERSION = 5.0;
				TARGETED_DEVICE_FAMILY = "1,2";
			};
			name = Debug;
		};
		BBEFABB32687CC9700E80AFC /* Release */ = {
			isa = XCBuildConfiguration;
			buildSettings = {
				ASSETCATALOG_COMPILER_APPICON_NAME = AppIcon;
				ASSETCATALOG_COMPILER_GLOBAL_ACCENT_COLOR_NAME = AccentColor;
				CODE_SIGN_ENTITLEMENTS = TodoApp/TodoApp.entitlements;
				CODE_SIGN_STYLE = Automatic;
				DEVELOPMENT_ASSET_PATHS = "\"TodoApp/Preview Content\"";
				DEVELOPMENT_TEAM = 56EQ48SVZJ;
				ENABLE_PREVIEWS = YES;
				INFOPLIST_FILE = TodoApp/Info.plist;
				LD_RUNPATH_SEARCH_PATHS = (
					"$(inherited)",
					"@executable_path/Frameworks",
				);
				PRODUCT_BUNDLE_IDENTIFIER = br.eti.manoelfilho.todoapp.TodoApp;
				PRODUCT_NAME = "$(TARGET_NAME)";
				SUPPORTS_MACCATALYST = YES;
				SWIFT_VERSION = 5.0;
				TARGETED_DEVICE_FAMILY = "1,2";
			};
			name = Release;
		};
/* End XCBuildConfiguration section */

/* Begin XCConfigurationList section */
		BBEFAB952687CC9600E80AFC /* Build configuration list for PBXProject "TodoApp" */ = {
			isa = XCConfigurationList;
			buildConfigurations = (
				BBEFABAF2687CC9700E80AFC /* Debug */,
				BBEFABB02687CC9700E80AFC /* Release */,
			);
			defaultConfigurationIsVisible = 0;
			defaultConfigurationName = Release;
		};
		BBEFABB12687CC9700E80AFC /* Build configuration list for PBXNativeTarget "TodoApp" */ = {
			isa = XCConfigurationList;
			buildConfigurations = (
				BBEFABB22687CC9700E80AFC /* Debug */,
				BBEFABB32687CC9700E80AFC /* Release */,
			);
			defaultConfigurationIsVisible = 0;
			defaultConfigurationName = Release;
		};
/* End XCConfigurationList section */

/* Begin XCVersionGroup section */
		BBEFABA32687CC9600E80AFC /* TodoApp.xcdatamodeld */ = {
			isa = XCVersionGroup;
			children = (
				BBEFABA42687CC9600E80AFC /* TodoApp.xcdatamodel */,
			);
			currentVersion = BBEFABA42687CC9600E80AFC /* TodoApp.xcdatamodel */;
			path = TodoApp.xcdatamodeld;
			sourceTree = "<group>";
			versionGroupType = wrapper.xcdatamodel;
		};
/* End XCVersionGroup section */
	};
	rootObject = BBEFAB922687CC9600E80AFC /* Project object */;
}
